{
  "version": 4,
  "terraform_version": "1.7.3",
  "serial": 48,
  "lineage": "b0d06194-c93f-9d4c-814c-cb8c51683a2c",
  "outputs": {},
  "resources": [
    {
      "mode": "managed",
      "type": "github_organization_settings",
      "name": "main",
      "provider": "provider[\"registry.terraform.io/integrations/github\"]",
      "instances": [
        {
          "schema_version": 0,
          "attributes": {
            "advanced_security_enabled_for_new_repositories": false,
            "billing_email": "billing@geobee.io",
            "blog": "https://geobee.io",
            "company": "GeoBee.io",
            "default_repository_permission": "none",
            "dependabot_alerts_enabled_for_new_repositories": true,
            "dependabot_security_updates_enabled_for_new_repositories": true,
            "dependency_graph_enabled_for_new_repositories": true,
            "description": "GeoBee.io - AI RiskOps \u0026 Geospatial Intelligence Observability Platform",
            "email": "hive@geobee.io",
            "has_organization_projects": true,
            "has_repository_projects": true,
            "id": "298946220",
            "location": "London, UK",
            "members_can_create_internal_repositories": false,
            "members_can_create_pages": false,
            "members_can_create_private_pages": false,
            "members_can_create_private_repositories": false,
            "members_can_create_public_pages": false,
            "members_can_create_public_repositories": false,
            "members_can_create_repositories": false,
            "members_can_fork_private_repositories": false,
            "name": "GeoBee.io",
            "secret_scanning_enabled_for_new_repositories": false,
            "secret_scanning_push_protection_enabled_for_new_repositories": false,
            "twitter_username": "geobee",
            "web_commit_signoff_required": true
          },
          "sensitive_attributes": [],
          "private": "bnVsbA=="
        }
      ]
    },
    {
      "mode": "managed",
      "type": "github_team",
      "name": "geobee_teams",
      "provider": "provider[\"registry.terraform.io/integrations/github\"]",
      "instances": [
        {
          "index_key": "breakglass",
          "schema_version": 0,
          "attributes": {
            "create_default_maintainer": false,
            "description": "Breakglass team with full access to the organization",
            "etag": "W/\"4027cac7a4505028e7d6325a55492cd69434d613e42a069b918bc19b06befacf\"",
            "id": "18299555",
            "ldap_dn": "",
            "members_count": 1,
            "name": "breakglass",
            "node_id": "T_kwDOEdGOrM4BFzqj",
            "notification_setting": "notifications_enabled",
            "parent_team_id": "",
            "parent_team_read_id": "",
            "parent_team_read_slug": "",
            "privacy": "closed",
            "slug": "breakglass"
          },
          "sensitive_attributes": [],
          "private": "bnVsbA=="
        }
      ]
    },
    {
      "mode": "managed",
      "type": "github_team_members",
      "name": "geobee_team_maintainers",
      "provider": "provider[\"registry.terraform.io/integrations/github\"]",
      "instances": [
        {
          "index_key": "breakglass",
          "schema_version": 0,
          "attributes": {
            "id": "18299555",
            "members": [
              {
                "role": "maintainer",
                "username": "c5haw"
              }
            ],
            "team_id": "18299555"
          },
          "sensitive_attributes": [],
          "private": "bnVsbA==",
          "dependencies": [
            "github_team.geobee_teams"
          ]
        }
      ]
    }
  ],
  "check_results": null
}
